
Microsoft Visual Studio Solution File, Format Version 12.00
# Visual Studio 14
VisualStudioVersion = 14.0.25420.1
MinimumVisualStudioVersion = 10.0.40219.1
Project("{FAE04EC0-301F-11D3-BF4B-00C04F79EFBC}") = "Bharat.DevExtreme.Helpers.DataSource", "Bharat.DevExtreme.Helpers.DataSource\Bharat.DevExtreme.Helpers.DataSource.csproj", "{9724F22B-1B97-4A20-81DE-EA4960B8B859}"
EndProject
Project("{FAE04EC0-301F-11D3-BF4B-00C04F79EFBC}") = "Bharat.DevExtreme.Helpers.DataSource.Tests", "Bharat.DevExtreme.Helpers.DataSource.Tests\Bharat.DevExtreme.Helpers.DataSource.Tests.csproj", "{9CBB72E7-679B-408F-B47E-E732F25782E7}"
EndProject
Global
	GlobalSection(SolutionConfigurationPlatforms) = preSolution
		Debug|Any CPU = Debug|Any CPU
		Release|Any CPU = Release|Any CPU
	EndGlobalSection
	GlobalSection(ProjectConfigurationPlatforms) = postSolution
		{9724F22B-1B97-4A20-81DE-EA4960B8B859}.Debug|Any CPU.ActiveCfg = Debug|Any CPU
		{9724F22B-1B97-4A20-81DE-EA4960B8B859}.Debug|Any CPU.Build.0 = Debug|Any CPU
		{9724F22B-1B97-4A20-81DE-EA4960B8B859}.Release|Any CPU.ActiveCfg = Release|Any CPU
		{9724F22B-1B97-4A20-81DE-EA4960B8B859}.Release|Any CPU.Build.0 = Release|Any CPU
		{9CBB72E7-679B-408F-B47E-E732F25782E7}.Debug|Any CPU.ActiveCfg = Debug|Any CPU
		{9CBB72E7-679B-408F-B47E-E732F25782E7}.Debug|Any CPU.Build.0 = Debug|Any CPU
		{9CBB72E7-679B-408F-B47E-E732F25782E7}.Release|Any CPU.ActiveCfg = Release|Any CPU
		{9CBB72E7-679B-408F-B47E-E732F25782E7}.Release|Any CPU.Build.0 = Release|Any CPU
	EndGlobalSection
	GlobalSection(SolutionProperties) = preSolution
		HideSolutionNode = FALSE
	EndGlobalSection
EndGlobal
